// !$*UTF8*$!
{
	archiveVersion = 1;
	classes = {
	};
	objectVersion = 56;
	objects = {

/* Begin PBXBuildFile section */
		1E3BE0782B499BAC00CD81DD /* AppLockerApp.swift in Sources */ = {isa = PBXBuildFile; fileRef = 1E3BE0772B499BAC00CD81DD /* AppLockerApp.swift */; };
		1E3BE07A2B499BAC00CD81DD /* ContentView.swift in Sources */ = {isa = PBXBuildFile; fileRef = 1E3BE0792B499BAC00CD81DD /* ContentView.swift */; };
		1E3BE07C2B499BAF00CD81DD /* Assets.xcassets in Resources */ = {isa = PBXBuildFile; fileRef = 1E3BE07B2B499BAF00CD81DD /* Assets.xcassets */; };
		1E3BE07F2B499BAF00CD81DD /* Preview Assets.xcassets in Resources */ = {isa = PBXBuildFile; fileRef = 1E3BE07E2B499BAF00CD81DD /* Preview Assets.xcassets */; };
		1E63F4522BB462F60057361B /* Model.swift in Sources */ = {isa = PBXBuildFile; fileRef = 1E63F4512BB462F60057361B /* Model.swift */; };
		1EC44F672BBEF76300078E8A /* DeviceActivity.framework in Frameworks */ = {isa = PBXBuildFile; fileRef = 1EC44F662BBEF76300078E8A /* DeviceActivity.framework */; };
		1EC44F6A2BBEF76300078E8A /* DeviceActivityMonitorExtension.swift in Sources */ = {isa = PBXBuildFile; fileRef = 1EC44F692BBEF76300078E8A /* DeviceActivityMonitorExtension.swift */; };
		1EC44F6F2BBEF76300078E8A /* AppLockerDeviceActivityMonitor.appex in Embed Foundation Extensions */ = {isa = PBXBuildFile; fileRef = 1EC44F642BBEF76300078E8A /* AppLockerDeviceActivityMonitor.appex */; settings = {ATTRIBUTES = (RemoveHeadersOnCopy, ); }; };
/* End PBXBuildFile section */

/* Begin PBXContainerItemProxy section */
		1EC44F6D2BBEF76300078E8A /* PBXContainerItemProxy */ = {
			isa = PBXContainerItemProxy;
			containerPortal = 1E3BE06C2B499BAC00CD81DD /* Project object */;
			proxyType = 1;
			remoteGlobalIDString = 1EC44F632BBEF76300078E8A;
			remoteInfo = AppLockerDeviceActivityMonitor;
		};
/* End PBXContainerItemProxy section */

/* Begin PBXCopyFilesBuildPhase section */
		1EC44F702BBEF76300078E8A /* Embed Foundation Extensions */ = {
			isa = PBXCopyFilesBuildPhase;
			buildActionMask = 2147483647;
			dstPath = "";
			dstSubfolderSpec = 13;
			files = (
				1EC44F6F2BBEF76300078E8A /* AppLockerDeviceActivityMonitor.appex in Embed Foundation Extensions */,
			);
			name = "Embed Foundation Extensions";
			runOnlyForDeploymentPostprocessing = 0;
		};
/* End PBXCopyFilesBuildPhase section */

/* Begin PBXFileReference section */
		1E3BE0742B499BAC00CD81DD /* AppLocker.app */ = {isa = PBXFileReference; explicitFileType = wrapper.application; includeInIndex = 0; path = AppLocker.app; sourceTree = BUILT_PRODUCTS_DIR; };
		1E3BE0772B499BAC00CD81DD /* AppLockerApp.swift */ = {isa = PBXFileReference; lastKnownFileType = sourcecode.swift; path = AppLockerApp.swift; sourceTree = "<group>"; };
		1E3BE0792B499BAC00CD81DD /* ContentView.swift */ = {isa = PBXFileReference; lastKnownFileType = sourcecode.swift; path = ContentView.swift; sourceTree = "<group>"; };
		1E3BE07B2B499BAF00CD81DD /* Assets.xcassets */ = {isa = PBXFileReference; lastKnownFileType = folder.assetcatalog; path = Assets.xcassets; sourceTree = "<group>"; };
		1E3BE07E2B499BAF00CD81DD /* Preview Assets.xcassets */ = {isa = PBXFileReference; lastKnownFileType = folder.assetcatalog; path = "Preview Assets.xcassets"; sourceTree = "<group>"; };
		1E63F4502BB317670057361B /* AppLocker.entitlements */ = {isa = PBXFileReference; lastKnownFileType = text.plist.entitlements; path = AppLocker.entitlements; sourceTree = "<group>"; };
		1E63F4512BB462F60057361B /* Model.swift */ = {isa = PBXFileReference; lastKnownFileType = sourcecode.swift; path = Model.swift; sourceTree = "<group>"; };
		1EC44F642BBEF76300078E8A /* AppLockerDeviceActivityMonitor.appex */ = {isa = PBXFileReference; explicitFileType = "wrapper.app-extension"; includeInIndex = 0; path = AppLockerDeviceActivityMonitor.appex; sourceTree = BUILT_PRODUCTS_DIR; };
		1EC44F662BBEF76300078E8A /* DeviceActivity.framework */ = {isa = PBXFileReference; lastKnownFileType = wrapper.framework; name = DeviceActivity.framework; path = System/Library/Frameworks/DeviceActivity.framework; sourceTree = SDKROOT; };
		1EC44F692BBEF76300078E8A /* DeviceActivityMonitorExtension.swift */ = {isa = PBXFileReference; lastKnownFileType = sourcecode.swift; path = DeviceActivityMonitorExtension.swift; sourceTree = "<group>"; };
		1EC44F6B2BBEF76300078E8A /* Info.plist */ = {isa = PBXFileReference; lastKnownFileType = text.plist.xml; path = Info.plist; sourceTree = "<group>"; };
		1EC44F6C2BBEF76300078E8A /* AppLockerDeviceActivityMonitor.entitlements */ = {isa = PBXFileReference; lastKnownFileType = text.plist.entitlements; path = AppLockerDeviceActivityMonitor.entitlements; sourceTree = "<group>"; };
/* End PBXFileReference section */

/* Begin PBXFrameworksBuildPhase section */
		1E3BE0712B499BAC00CD81DD /* Frameworks */ = {
			isa = PBXFrameworksBuildPhase;
			buildActionMask = 2147483647;
			files = (
			);
			runOnlyForDeploymentPostprocessing = 0;
		};
		1EC44F612BBEF76300078E8A /* Frameworks */ = {
			isa = PBXFrameworksBuildPhase;
			buildActionMask = 2147483647;
			files = (
				1EC44F672BBEF76300078E8A /* DeviceActivity.framework in Frameworks */,
			);
			runOnlyForDeploymentPostprocessing = 0;
		};
/* End PBXFrameworksBuildPhase section */

/* Begin PBXGroup section */
		1E3BE06B2B499BAC00CD81DD = {
			isa = PBXGroup;
			children = (
				1E3BE0762B499BAC00CD81DD /* AppLocker */,
				1EC44F682BBEF76300078E8A /* AppLockerDeviceActivityMonitor */,
				1EC44F652BBEF76300078E8A /* Frameworks */,
				1E3BE0752B499BAC00CD81DD /* Products */,
			);
			sourceTree = "<group>";
		};
		1E3BE0752B499BAC00CD81DD /* Products */ = {
			isa = PBXGroup;
			children = (
				1E3BE0742B499BAC00CD81DD /* AppLocker.app */,
				1EC44F642BBEF76300078E8A /* AppLockerDeviceActivityMonitor.appex */,
			);
			name = Products;
			sourceTree = "<group>";
		};
		1E3BE0762B499BAC00CD81DD /* AppLocker */ = {
			isa = PBXGroup;
			children = (
				1E63F4502BB317670057361B /* AppLocker.entitlements */,
				1E3BE0772B499BAC00CD81DD /* AppLockerApp.swift */,
				1E3BE0792B499BAC00CD81DD /* ContentView.swift */,
				1E63F4512BB462F60057361B /* Model.swift */,
				1E3BE07B2B499BAF00CD81DD /* Assets.xcassets */,
				1E3BE07D2B499BAF00CD81DD /* Preview Content */,
			);
			path = AppLocker;
			sourceTree = "<group>";
		};
		1E3BE07D2B499BAF00CD81DD /* Preview Content */ = {
			isa = PBXGroup;
			children = (
				1E3BE07E2B499BAF00CD81DD /* Preview Assets.xcassets */,
			);
			path = "Preview Content";
			sourceTree = "<group>";
		};
		1EC44F652BBEF76300078E8A /* Frameworks */ = {
			isa = PBXGroup;
			children = (
				1EC44F662BBEF76300078E8A /* DeviceActivity.framework */,
			);
			name = Frameworks;
			sourceTree = "<group>";
		};
		1EC44F682BBEF76300078E8A /* AppLockerDeviceActivityMonitor */ = {
			isa = PBXGroup;
			children = (
				1EC44F692BBEF76300078E8A /* DeviceActivityMonitorExtension.swift */,
				1EC44F6B2BBEF76300078E8A /* Info.plist */,
				1EC44F6C2BBEF76300078E8A /* AppLockerDeviceActivityMonitor.entitlements */,
			);
			path = AppLockerDeviceActivityMonitor;
			sourceTree = "<group>";
		};
/* End PBXGroup section */

/* Begin PBXNativeTarget section */
		1E3BE0732B499BAC00CD81DD /* AppLocker */ = {
			isa = PBXNativeTarget;
			buildConfigurationList = 1E3BE0822B499BAF00CD81DD /* Build configuration list for PBXNativeTarget "AppLocker" */;
			buildPhases = (
				1E3BE0702B499BAC00CD81DD /* Sources */,
				1E3BE0712B499BAC00CD81DD /* Frameworks */,
				1E3BE0722B499BAC00CD81DD /* Resources */,
				1EC44F702BBEF76300078E8A /* Embed Foundation Extensions */,
			);
			buildRules = (
			);
			dependencies = (
				1EC44F6E2BBEF76300078E8A /* PBXTargetDependency */,
			);
			name = AppLocker;
			productName = AppLocker;
			productReference = 1E3BE0742B499BAC00CD81DD /* AppLocker.app */;
			productType = "com.apple.product-type.application";
		};
		1EC44F632BBEF76300078E8A /* AppLockerDeviceActivityMonitor */ = {
			isa = PBXNativeTarget;
			buildConfigurationList = 1EC44F732BBEF76300078E8A /* Build configuration list for PBXNativeTarget "AppLockerDeviceActivityMonitor" */;
			buildPhases = (
				1EC44F602BBEF76300078E8A /* Sources */,
				1EC44F612BBEF76300078E8A /* Frameworks */,
				1EC44F622BBEF76300078E8A /* Resources */,
			);
			buildRules = (
			);
			dependencies = (
			);
			name = AppLockerDeviceActivityMonitor;
			productName = AppLockerDeviceActivityMonitor;
			productReference = 1EC44F642BBEF76300078E8A /* AppLockerDeviceActivityMonitor.appex */;
			productType = "com.apple.product-type.app-extension";
		};
/* End PBXNativeTarget section */

/* Begin PBXProject section */
		1E3BE06C2B499BAC00CD81DD /* Project object */ = {
			isa = PBXProject;
			attributes = {
				BuildIndependentTargetsInParallel = 1;
				LastSwiftUpdateCheck = 1500;
				LastUpgradeCheck = 1500;
				TargetAttributes = {
					1E3BE0732B499BAC00CD81DD = {
						CreatedOnToolsVersion = 15.0.1;
					};
					1EC44F632BBEF76300078E8A = {
						CreatedOnToolsVersion = 15.0.1;
					};
				};
			};
			buildConfigurationList = 1E3BE06F2B499BAC00CD81DD /* Build configuration list for PBXProject "AppLocker" */;
			compatibilityVersion = "Xcode 14.0";
			developmentRegion = en;
			hasScannedForEncodings = 0;
			knownRegions = (
				en,
				Base,
			);
			mainGroup = 1E3BE06B2B499BAC00CD81DD;
			productRefGroup = 1E3BE0752B499BAC00CD81DD /* Products */;
			projectDirPath = "";
			projectRoot = "";
			targets = (
				1E3BE0732B499BAC00CD81DD /* AppLocker */,
				1EC44F632BBEF76300078E8A /* AppLockerDeviceActivityMonitor */,
			);
		};
/* End PBXProject section */

/* Begin PBXResourcesBuildPhase section */
		1E3BE0722B499BAC00CD81DD /* Resources */ = {
			isa = PBXResourcesBuildPhase;
			buildActionMask = 2147483647;
			files = (
				1E3BE07F2B499BAF00CD81DD /* Preview Assets.xcassets in Resources */,
				1E3BE07C2B499BAF00CD81DD /* Assets.xcassets in Resources */,
			);
			runOnlyForDeploymentPostprocessing = 0;
		};
		1EC44F622BBEF76300078E8A /* Resources */ = {
			isa = PBXResourcesBuildPhase;
			buildActionMask = 2147483647;
			files = (
			);
			runOnlyForDeploymentPostprocessing = 0;
		};
/* End PBXResourcesBuildPhase section */

/* Begin PBXSourcesBuildPhase section */
		1E3BE0702B499BAC00CD81DD /* Sources */ = {
			isa = PBXSourcesBuildPhase;
			buildActionMask = 2147483647;
			files = (
				1E63F4522BB462F60057361B /* Model.swift in Sources */,
				1E3BE07A2B499BAC00CD81DD /* ContentView.swift in Sources */,
				1E3BE0782B499BAC00CD81DD /* AppLockerApp.swift in Sources */,
			);
			runOnlyForDeploymentPostprocessing = 0;
		};
		1EC44F602BBEF76300078E8A /* Sources */ = {
			isa = PBXSourcesBuildPhase;
			buildActionMask = 2147483647;
			files = (
				1EC44F6A2BBEF76300078E8A /* DeviceActivityMonitorExtension.swift in Sources */,
			);
			runOnlyForDeploymentPostprocessing = 0;
		};
/* End PBXSourcesBuildPhase section */

/* Begin PBXTargetDependency section */
		1EC44F6E2BBEF76300078E8A /* PBXTargetDependency */ = {
			isa = PBXTargetDependency;
			target = 1EC44F632BBEF76300078E8A /* AppLockerDeviceActivityMonitor */;
			targetProxy = 1EC44F6D2BBEF76300078E8A /* PBXContainerItemProxy */;
		};
/* End PBXTargetDependency section */

/* Begin XCBuildConfiguration section */
		1E3BE0802B499BAF00CD81DD /* Debug */ = {
			isa = XCBuildConfiguration;
			buildSettings = {
				ALWAYS_SEARCH_USER_PATHS = NO;
				ASSETCATALOG_COMPILER_GENERATE_SWIFT_ASSET_SYMBOL_EXTENSIONS = YES;
				CLANG_ANALYZER_NONNULL = YES;
				CLANG_ANALYZER_NUMBER_OBJECT_CONVERSION = YES_AGGRESSIVE;
				CLANG_CXX_LANGUAGE_STANDARD = "gnu++20";
				CLANG_ENABLE_MODULES = YES;
				CLANG_ENABLE_OBJC_ARC = YES;
				CLANG_ENABLE_OBJC_WEAK = YES;
				CLANG_WARN_BLOCK_CAPTURE_AUTORELEASING = YES;
				CLANG_WARN_BOOL_CONVERSION = YES;
				CLANG_WARN_COMMA = YES;
				CLANG_WARN_CONSTANT_CONVERSION = YES;
				CLANG_WARN_DEPRECATED_OBJC_IMPLEMENTATIONS = YES;
				CLANG_WARN_DIRECT_OBJC_ISA_USAGE = YES_ERROR;
				CLANG_WARN_DOCUMENTATION_COMMENTS = YES;
				CLANG_WARN_EMPTY_BODY = YES;
				CLANG_WARN_ENUM_CONVERSION = YES;
				CLANG_WARN_INFINITE_RECURSION = YES;
				CLANG_WARN_INT_CONVERSION = YES;
				CLANG_WARN_NON_LITERAL_NULL_CONVERSION = YES;
				CLANG_WARN_OBJC_IMPLICIT_RETAIN_SELF = YES;
				CLANG_WARN_OBJC_LITERAL_CONVERSION = YES;
				CLANG_WARN_OBJC_ROOT_CLASS = YES_ERROR;
				CLANG_WARN_QUOTED_INCLUDE_IN_FRAMEWORK_HEADER = YES;
				CLANG_WARN_RANGE_LOOP_ANALYSIS = YES;
				CLANG_WARN_STRICT_PROTOTYPES = YES;
				CLANG_WARN_SUSPICIOUS_MOVE = YES;
				CLANG_WARN_UNGUARDED_AVAILABILITY = YES_AGGRESSIVE;
				CLANG_WARN_UNREACHABLE_CODE = YES;
				CLANG_WARN__DUPLICATE_METHOD_MATCH = YES;
				COPY_PHASE_STRIP = NO;
				DEBUG_INFORMATION_FORMAT = dwarf;
				ENABLE_STRICT_OBJC_MSGSEND = YES;
				ENABLE_TESTABILITY = YES;
				ENABLE_USER_SCRIPT_SANDBOXING = YES;
				GCC_C_LANGUAGE_STANDARD = gnu17;
				GCC_DYNAMIC_NO_PIC = NO;
				GCC_NO_COMMON_BLOCKS = YES;
				GCC_OPTIMIZATION_LEVEL = 0;
				GCC_PREPROCESSOR_DEFINITIONS = (
					"DEBUG=1",
					"$(inherited)",
				);
				GCC_WARN_64_TO_32_BIT_CONVERSION = YES;
				GCC_WARN_ABOUT_RETURN_TYPE = YES_ERROR;
				GCC_WARN_UNDECLARED_SELECTOR = YES;
				GCC_WARN_UNINITIALIZED_AUTOS = YES_AGGRESSIVE;
				GCC_WARN_UNUSED_FUNCTION = YES;
				GCC_WARN_UNUSED_VARIABLE = YES;
				IPHONEOS_DEPLOYMENT_TARGET = 17.0;
				LOCALIZATION_PREFERS_STRING_CATALOGS = YES;
				MTL_ENABLE_DEBUG_INFO = INCLUDE_SOURCE;
				MTL_FAST_MATH = YES;
				ONLY_ACTIVE_ARCH = YES;
				SDKROOT = iphoneos;
				SWIFT_ACTIVE_COMPILATION_CONDITIONS = "DEBUG $(inherited)";
				SWIFT_OPTIMIZATION_LEVEL = "-Onone";
			};
			name = Debug;
		};
		1E3BE0812B499BAF00CD81DD /* Release */ = {
			isa = XCBuildConfiguration;
			buildSettings = {
				ALWAYS_SEARCH_USER_PATHS = NO;
				ASSETCATALOG_COMPILER_GENERATE_SWIFT_ASSET_SYMBOL_EXTENSIONS = YES;
				CLANG_ANALYZER_NONNULL = YES;
				CLANG_ANALYZER_NUMBER_OBJECT_CONVERSION = YES_AGGRESSIVE;
				CLANG_CXX_LANGUAGE_STANDARD = "gnu++20";
				CLANG_ENABLE_MODULES = YES;
				CLANG_ENABLE_OBJC_ARC = YES;
				CLANG_ENABLE_OBJC_WEAK = YES;
				CLANG_WARN_BLOCK_CAPTURE_AUTORELEASING = YES;
				CLANG_WARN_BOOL_CONVERSION = YES;
				CLANG_WARN_COMMA = YES;
				CLANG_WARN_CONSTANT_CONVERSION = YES;
				CLANG_WARN_DEPRECATED_OBJC_IMPLEMENTATIONS = YES;
				CLANG_WARN_DIRECT_OBJC_ISA_USAGE = YES_ERROR;
				CLANG_WARN_DOCUMENTATION_COMMENTS = YES;
				CLANG_WARN_EMPTY_BODY = YES;
				CLANG_WARN_ENUM_CONVERSION = YES;
				CLANG_WARN_INFINITE_RECURSION = YES;
				CLANG_WARN_INT_CONVERSION = YES;
				CLANG_WARN_NON_LITERAL_NULL_CONVERSION = YES;
				CLANG_WARN_OBJC_IMPLICIT_RETAIN_SELF = YES;
				CLANG_WARN_OBJC_LITERAL_CONVERSION = YES;
				CLANG_WARN_OBJC_ROOT_CLASS = YES_ERROR;
				CLANG_WARN_QUOTED_INCLUDE_IN_FRAMEWORK_HEADER = YES;
				CLANG_WARN_RANGE_LOOP_ANALYSIS = YES;
				CLANG_WARN_STRICT_PROTOTYPES = YES;
				CLANG_WARN_SUSPICIOUS_MOVE = YES;
				CLANG_WARN_UNGUARDED_AVAILABILITY = YES_AGGRESSIVE;
				CLANG_WARN_UNREACHABLE_CODE = YES;
				CLANG_WARN__DUPLICATE_METHOD_MATCH = YES;
				COPY_PHASE_STRIP = NO;
				DEBUG_INFORMATION_FORMAT = "dwarf-with-dsym";
				ENABLE_NS_ASSERTIONS = NO;
				ENABLE_STRICT_OBJC_MSGSEND = YES;
				ENABLE_USER_SCRIPT_SANDBOXING = YES;
				GCC_C_LANGUAGE_STANDARD = gnu17;
				GCC_NO_COMMON_BLOCKS = YES;
				GCC_WARN_64_TO_32_BIT_CONVERSION = YES;
				GCC_WARN_ABOUT_RETURN_TYPE = YES_ERROR;
				GCC_WARN_UNDECLARED_SELECTOR = YES;
				GCC_WARN_UNINITIALIZED_AUTOS = YES_AGGRESSIVE;
				GCC_WARN_UNUSED_FUNCTION = YES;
				GCC_WARN_UNUSED_VARIABLE = YES;
				IPHONEOS_DEPLOYMENT_TARGET = 17.0;
				LOCALIZATION_PREFERS_STRING_CATALOGS = YES;
				MTL_ENABLE_DEBUG_INFO = NO;
				MTL_FAST_MATH = YES;
				SDKROOT = iphoneos;
				SWIFT_COMPILATION_MODE = wholemodule;
				VALIDATE_PRODUCT = YES;
			};
			name = Release;
		};
		1E3BE0832B499BAF00CD81DD /* Debug */ = {
			isa = XCBuildConfiguration;
			buildSettings = {
				ALWAYS_EMBED_SWIFT_STANDARD_LIBRARIES = YES;
				ASSETCATALOG_COMPILER_APPICON_NAME = AppIcon;
				ASSETCATALOG_COMPILER_GLOBAL_ACCENT_COLOR_NAME = AccentColor;
				CODE_SIGN_ENTITLEMENTS = AppLocker/AppLocker.entitlements;
				CODE_SIGN_STYLE = Automatic;
				CURRENT_PROJECT_VERSION = 1;
				DEVELOPMENT_ASSET_PATHS = "\"AppLocker/Preview Content\"";
				DEVELOPMENT_TEAM = YJ8KQ56626;
				ENABLE_PREVIEWS = YES;
				GENERATE_INFOPLIST_FILE = YES;
				INFOPLIST_KEY_UIApplicationSceneManifest_Generation = YES;
				INFOPLIST_KEY_UIApplicationSupportsIndirectInputEvents = YES;
				INFOPLIST_KEY_UILaunchScreen_Generation = YES;
				INFOPLIST_KEY_UISupportedInterfaceOrientations_iPad = "UIInterfaceOrientationPortrait UIInterfaceOrientationPortraitUpsideDown UIInterfaceOrientationLandscapeLeft UIInterfaceOrientationLandscapeRight";
				INFOPLIST_KEY_UISupportedInterfaceOrientations_iPhone = "UIInterfaceOrientationPortrait UIInterfaceOrientationLandscapeLeft UIInterfaceOrientationLandscapeRight";
				LD_RUNPATH_SEARCH_PATHS = (
					"$(inherited)",
					"@executable_path/Frameworks",
				);
				MARKETING_VERSION = 1.0;
				PRODUCT_BUNDLE_IDENTIFIER = HongzCloud.AppLocker;
				PRODUCT_NAME = "$(TARGET_NAME)";
				SWIFT_EMIT_LOC_STRINGS = YES;
				SWIFT_VERSION = 5.0;
				TARGETED_DEVICE_FAMILY = "1,2";
			};
			name = Debug;
		};
		1E3BE0842B499BAF00CD81DD /* Release */ = {
			isa = XCBuildConfiguration;
			buildSettings = {
				ALWAYS_EMBED_SWIFT_STANDARD_LIBRARIES = YES;
				ASSETCATALOG_COMPILER_APPICON_NAME = AppIcon;
				ASSETCATALOG_COMPILER_GLOBAL_ACCENT_COLOR_NAME = AccentColor;
				CODE_SIGN_ENTITLEMENTS = AppLocker/AppLocker.entitlements;
				CODE_SIGN_STYLE = Automatic;
				CURRENT_PROJECT_VERSION = 1;
				DEVELOPMENT_ASSET_PATHS = "\"AppLocker/Preview Content\"";
				DEVELOPMENT_TEAM = YJ8KQ56626;
				ENABLE_PREVIEWS = YES;
				GENERATE_INFOPLIST_FILE = YES;
				INFOPLIST_KEY_UIApplicationSceneManifest_Generation = YES;
				INFOPLIST_KEY_UIApplicationSupportsIndirectInputEvents = YES;
				INFOPLIST_KEY_UILaunchScreen_Generation = YES;
				INFOPLIST_KEY_UISupportedInterfaceOrientations_iPad = "UIInterfaceOrientationPortrait UIInterfaceOrientationPortraitUpsideDown UIInterfaceOrientationLandscapeLeft UIInterfaceOrientationLandscapeRight";
				INFOPLIST_KEY_UISupportedInterfaceOrientations_iPhone = "UIInterfaceOrientationPortrait UIInterfaceOrientationLandscapeLeft UIInterfaceOrientationLandscapeRight";
				LD_RUNPATH_SEARCH_PATHS = (
					"$(inherited)",
					"@executable_path/Frameworks",
				);
				MARKETING_VERSION = 1.0;
				PRODUCT_BUNDLE_IDENTIFIER = HongzCloud.AppLocker;
				PRODUCT_NAME = "$(TARGET_NAME)";
				SWIFT_EMIT_LOC_STRINGS = YES;
				SWIFT_VERSION = 5.0;
				TARGETED_DEVICE_FAMILY = "1,2";
			};
			name = Release;
		};
		1EC44F712BBEF76300078E8A /* Debug */ = {
			isa = XCBuildConfiguration;
			buildSettings = {
				CODE_SIGN_ENTITLEMENTS = AppLockerDeviceActivityMonitor/AppLockerDeviceActivityMonitor.entitlements;
				CODE_SIGN_STYLE = Automatic;
				CURRENT_PROJECT_VERSION = 1;
				DEVELOPMENT_TEAM = YJ8KQ56626;
				GENERATE_INFOPLIST_FILE = YES;
				INFOPLIST_FILE = AppLockerDeviceActivityMonitor/Info.plist;
				INFOPLIST_KEY_CFBundleDisplayName = AppLockerDeviceActivityMonitor;
				INFOPLIST_KEY_NSHumanReadableCopyright = "";
				LD_RUNPATH_SEARCH_PATHS = (
					"$(inherited)",
					"@executable_path/Frameworks",
					"@executable_path/../../Frameworks",
				);
				MARKETING_VERSION = 1.0;
				PRODUCT_BUNDLE_IDENTIFIER = HongzCloud.AppLocker.AppLockerDeviceActivityMonitor;
				PRODUCT_NAME = "$(TARGET_NAME)";
				SKIP_INSTALL = YES;
				SWIFT_EMIT_LOC_STRINGS = YES;
				SWIFT_VERSION = 5.0;
				TARGETED_DEVICE_FAMILY = "1,2";
			};
			name = Debug;
		};
		1EC44F722BBEF76300078E8A /* Release */ = {
			isa = XCBuildConfiguration;
			buildSettings = {
				CODE_SIGN_ENTITLEMENTS = AppLockerDeviceActivityMonitor/AppLockerDeviceActivityMonitor.entitlements;
				CODE_SIGN_STYLE = Automatic;
				CURRENT_PROJECT_VERSION = 1;
				DEVELOPMENT_TEAM = YJ8KQ56626;
				GENERATE_INFOPLIST_FILE = YES;
				INFOPLIST_FILE = AppLockerDeviceActivityMonitor/Info.plist;
				INFOPLIST_KEY_CFBundleDisplayName = AppLockerDeviceActivityMonitor;
				INFOPLIST_KEY_NSHumanReadableCopyright = "";
				LD_RUNPATH_SEARCH_PATHS = (
					"$(inherited)",
					"@executable_path/Frameworks",
					"@executable_path/../../Frameworks",
				);
				MARKETING_VERSION = 1.0;
				PRODUCT_BUNDLE_IDENTIFIER = HongzCloud.AppLocker.AppLockerDeviceActivityMonitor;
				PRODUCT_NAME = "$(TARGET_NAME)";
				SKIP_INSTALL = YES;
				SWIFT_EMIT_LOC_STRINGS = YES;
				SWIFT_VERSION = 5.0;
				TARGETED_DEVICE_FAMILY = "1,2";
			};
			name = Release;
		};
/* End XCBuildConfiguration section */

/* Begin XCConfigurationList section */
		1E3BE06F2B499BAC00CD81DD /* Build configuration list for PBXProject "AppLocker" */ = {
			isa = XCConfigurationList;
			buildConfigurations = (
				1E3BE0802B499BAF00CD81DD /* Debug */,
				1E3BE0812B499BAF00CD81DD /* Release */,
			);
			defaultConfigurationIsVisible = 0;
			defaultConfigurationName = Release;
		};
		1E3BE0822B499BAF00CD81DD /* Build configuration list for PBXNativeTarget "AppLocker" */ = {
			isa = XCConfigurationList;
			buildConfigurations = (
				1E3BE0832B499BAF00CD81DD /* Debug */,
				1E3BE0842B499BAF00CD81DD /* Release */,
			);
			defaultConfigurationIsVisible = 0;
			defaultConfigurationName = Release;
		};
		1EC44F732BBEF76300078E8A /* Build configuration list for PBXNativeTarget "AppLockerDeviceActivityMonitor" */ = {
			isa = XCConfigurationList;
			buildConfigurations = (
				1EC44F712BBEF76300078E8A /* Debug */,
				1EC44F722BBEF76300078E8A /* Release */,
			);
			defaultConfigurationIsVisible = 0;
			defaultConfigurationName = Release;
		};
/* End XCConfigurationList section */
	};
	rootObject = 1E3BE06C2B499BAC00CD81DD /* Project object */;
}
